<?xml version="1.0" encoding="utf-8"?>
<Project ToolsVersion="4.0" xmlns="http://schemas.microsoft.com/developer/msbuild/2003">
  <ItemGroup>
    <Filter Include="Source Files">
      <UniqueIdentifier>{4FC737F1-C7A5-4376-A066-2A32D752A2FF}</UniqueIdentifier>
      <Extensions>cpp;c;cc;cxx;def;odl;idl;hpj;bat;asm;asmx</Extensions>
    </Filter>
    <Filter Include="Header Files">
      <UniqueIdentifier>{93995380-89BD-4b04-88EB-625FBE52EBFB}</UniqueIdentifier>
      <Extensions>h;hpp;hxx;hm;inl;inc;xsd</Extensions>
    </Filter>
    <Filter Include="Resource Files">
      <UniqueIdentifier>{67DA6AB6-F800-4c08-8B7A-83BB121AAD01}</UniqueIdentifier>
      <Extensions>rc;ico;cur;bmp;dlg;rc2;rct;bin;rgs;gif;jpg;jpeg;jpe;resx;tiff;tif;png;wav;mfcribbon-ms</Extensions>
    </Filter>
  </ItemGroup>
  <ItemGroup>
    <ClInclude Include="ObjectDescription.h">
      <Filter>Header Files</Filter>
    </ClInclude>
    <ClInclude Include="OCLUtils.h">
      <Filter>Header Files</Filter>
    </ClInclude>
    <ClInclude Include="OCLCommon.h">
      <Filter>Header Files</Filter>
    </ClInclude>
    <ClInclude Include="BOWAssigner.h">
      <Filter>Header Files</Filter>
    </ClInclude>
    <ClInclude Include="ObjectClassifier.h">
      <Filter>Header Files</Filter>
    </ClInclude>
    <ClInclude Include="SVMUtils.hpp">
      <Filter>Header Files</Filter>
    </ClInclude>
    <ClInclude Include="svm.h">
      <Filter>Header Files</Filter>
    </ClInclude>
    <ClInclude Include="OCLPose3D.h">
      <Filter>Header Files</Filter>
    </ClInclude>
  </ItemGroup>
  <ItemGroup>
    <ClCompile Include="ObjectDescription.cpp">
      <Filter>Source Files</Filter>
    </ClCompile>
    <ClCompile Include="OCLUtils.cpp">
      <Filter>Source Files</Filter>
    </ClCompile>
    <ClCompile Include="OCLMain.cpp">
      <Filter>Source Files</Filter>
    </ClCompile>
    <ClCompile Include="OCLCommon.cpp">
      <Filter>Source Files</Filter>
    </ClCompile>
    <ClCompile Include="BOWAssigner.cpp">
      <Filter>Source Files</Filter>
    </ClCompile>
    <ClCompile Include="ObjectClassifier.cpp">
      <Filter>Source Files</Filter>
    </ClCompile>
    <ClCompile Include="svm.cpp">
      <Filter>Source Files</Filter>
    </ClCompile>
    <ClCompile Include="OCLPose3D.cpp">
      <Filter>Source Files</Filter>
    </ClCompile>
  </ItemGroup>
  <ItemGroup>
    <None Include="LicensePreamble.txt">
      <Filter>Resource Files</Filter>
    </None>
  </ItemGroup>
</Project>